
Microsoft Visual Studio Solution File, Format Version 12.00
# Visual Studio Version 17
VisualStudioVersion = 17.0.32014.148
MinimumVisualStudioVersion = 10.0.40219.1
Project("{FAE04EC0-301F-11D3-BF4B-00C04F79EFBC}") = "Project4_starter", "Project4_starter\Project4_starter.csproj", "{19B305E7-2A3E-4A18-9E1A-A20FB31E5D8E}"
EndProject
Global
	GlobalSection(SolutionConfigurationPlatforms) = preSolution
		Debug|Any CPU = Debug|Any CPU
		Release|Any CPU = Release|Any CPU
	EndGlobalSection
	GlobalSection(ProjectConfigurationPlatforms) = postSolution
		{19B305E7-2A3E-4A18-9E1A-A20FB31E5D8E}.Debug|Any CPU.ActiveCfg = Debug|Any CPU
		{19B305E7-2A3E-4A18-9E1A-A20FB31E5D8E}.Debug|Any CPU.Build.0 = Debug|Any CPU
		{19B305E7-2A3E-4A18-9E1A-A20FB31E5D8E}.Release|Any CPU.ActiveCfg = Release|Any CPU
		{19B305E7-2A3E-4A18-9E1A-A20FB31E5D8E}.Release|Any CPU.Build.0 = Release|Any CPU
	EndGlobalSection
	GlobalSection(SolutionProperties) = preSolution
		HideSolutionNode = FALSE
	EndGlobalSection
	GlobalSection(ExtensibilityGlobals) = postSolution
		SolutionGuid = {845686B6-541A-4D0F-8414-0CEA9A2D82DB}
	EndGlobalSection
EndGlobal
